
Microsoft Visual Studio Solution File, Format Version 12.00
# Visual Studio Version 17
VisualStudioVersion = 17.2.32616.157
MinimumVisualStudioVersion = 10.0.40219.1
Project("{8BC9CEB8-8B4A-11D0-8D11-00A0C91BC942}") = "Complex_", "Complex_.vcxproj", "{35C42358-66DE-4E2A-9EA5-A258CE8C6E44}"
EndProject
Global
	GlobalSection(SolutionConfigurationPlatforms) = preSolution
		Debug|x64 = Debug|x64
		Debug|x86 = Debug|x86
		Release|x64 = Release|x64
		Release|x86 = Release|x86
	EndGlobalSection
	GlobalSection(ProjectConfigurationPlatforms) = postSolution
		{35C42358-66DE-4E2A-9EA5-A258CE8C6E44}.Debug|x64.ActiveCfg = Debug|x64
		{35C42358-66DE-4E2A-9EA5-A258CE8C6E44}.Debug|x64.Build.0 = Debug|x64
		{35C42358-66DE-4E2A-9EA5-A258CE8C6E44}.Debug|x86.ActiveCfg = Debug|Win32
		{35C42358-66DE-4E2A-9EA5-A258CE8C6E44}.Debug|x86.Build.0 = Debug|Win32
		{35C42358-66DE-4E2A-9EA5-A258CE8C6E44}.Release|x64.ActiveCfg = Release|x64
		{35C42358-66DE-4E2A-9EA5-A258CE8C6E44}.Release|x64.Build.0 = Release|x64
		{35C42358-66DE-4E2A-9EA5-A258CE8C6E44}.Release|x86.ActiveCfg = Release|Win32
		{35C42358-66DE-4E2A-9EA5-A258CE8C6E44}.Release|x86.Build.0 = Release|Win32
	EndGlobalSection
	GlobalSection(SolutionProperties) = preSolution
		HideSolutionNode = FALSE
	EndGlobalSection
	GlobalSection(ExtensibilityGlobals) = postSolution
		SolutionGuid = {E2A4A481-68EF-4D2E-A1D1-CC5DD49A2ABF}
	EndGlobalSection
EndGlobal
